
Microsoft Visual Studio Solution File, Format Version 12.00
# Visual Studio 15
VisualStudioVersion = 15.0.26430.14
MinimumVisualStudioVersion = 10.0.40219.1
Project("{9A19103F-16F7-4668-BE54-9A1E7A4F7556}") = "OpenWindow", "src\OpenWindow.csproj", "{F97A1A8D-12B5-40C1-92F9-51383DD561A4}"
EndProject
Project("{2150E333-8FDC-42A3-9474-1A3956D46DE8}") = "Samples", "samples", "{773BE5B3-E0F3-44FE-8359-288A4F59FA24}"
EndProject
Project("{FAE04EC0-301F-11D3-BF4B-00C04F79EFBC}") = "OpenGL", "samples\OpenGL\OpenGL.csproj", "{104B4C73-8EE3-4530-B2D5-009F6BCD6A47}"
EndProject
Project("{FAE04EC0-301F-11D3-BF4B-00C04F79EFBC}") = "SharpDX", "samples\SharpDX\SharpDX.csproj", "{719329E9-BE00-4658-8CE4-AA3E76C2019F}"
EndProject
Project("{FAE04EC0-301F-11D3-BF4B-00C04F79EFBC}") = "HelloOpenWindow", "samples\HelloOpenWindow\HelloOpenWindow.csproj", "{AD852410-B10F-4370-9D11-30470BE202EB}"
EndProject
Project("{FAE04EC0-301F-11D3-BF4B-00C04F79EFBC}") = "WaylandSharpGen", "WaylandSharpGen\WaylandSharpGen.csproj", "{DE6C73D2-06DA-43DB-8BA3-DB0EFCC67BA6}"
EndProject
Global
	GlobalSection(SolutionConfigurationPlatforms) = preSolution
		Debug|Any CPU = Debug|Any CPU
		Debug|x64 = Debug|x64
		Debug|x86 = Debug|x86
		Release|Any CPU = Release|Any CPU
		Release|x64 = Release|x64
		Release|x86 = Release|x86
	EndGlobalSection
	GlobalSection(ProjectConfigurationPlatforms) = postSolution
		{F97A1A8D-12B5-40C1-92F9-51383DD561A4}.Debug|Any CPU.ActiveCfg = Debug|Any CPU
		{F97A1A8D-12B5-40C1-92F9-51383DD561A4}.Debug|Any CPU.Build.0 = Debug|Any CPU
		{F97A1A8D-12B5-40C1-92F9-51383DD561A4}.Debug|x64.ActiveCfg = Debug|Any CPU
		{F97A1A8D-12B5-40C1-92F9-51383DD561A4}.Debug|x64.Build.0 = Debug|Any CPU
		{F97A1A8D-12B5-40C1-92F9-51383DD561A4}.Debug|x86.ActiveCfg = Debug|Any CPU
		{F97A1A8D-12B5-40C1-92F9-51383DD561A4}.Debug|x86.Build.0 = Debug|Any CPU
		{F97A1A8D-12B5-40C1-92F9-51383DD561A4}.Release|Any CPU.ActiveCfg = Release|Any CPU
		{F97A1A8D-12B5-40C1-92F9-51383DD561A4}.Release|Any CPU.Build.0 = Release|Any CPU
		{F97A1A8D-12B5-40C1-92F9-51383DD561A4}.Release|x64.ActiveCfg = Release|Any CPU
		{F97A1A8D-12B5-40C1-92F9-51383DD561A4}.Release|x64.Build.0 = Release|Any CPU
		{F97A1A8D-12B5-40C1-92F9-51383DD561A4}.Release|x86.ActiveCfg = Release|Any CPU
		{F97A1A8D-12B5-40C1-92F9-51383DD561A4}.Release|x86.Build.0 = Release|Any CPU
		{104B4C73-8EE3-4530-B2D5-009F6BCD6A47}.Debug|Any CPU.ActiveCfg = Debug|Any CPU
		{104B4C73-8EE3-4530-B2D5-009F6BCD6A47}.Debug|Any CPU.Build.0 = Debug|Any CPU
		{104B4C73-8EE3-4530-B2D5-009F6BCD6A47}.Debug|x64.ActiveCfg = Debug|Any CPU
		{104B4C73-8EE3-4530-B2D5-009F6BCD6A47}.Debug|x64.Build.0 = Debug|Any CPU
		{104B4C73-8EE3-4530-B2D5-009F6BCD6A47}.Debug|x86.ActiveCfg = Debug|Any CPU
		{104B4C73-8EE3-4530-B2D5-009F6BCD6A47}.Debug|x86.Build.0 = Debug|Any CPU
		{104B4C73-8EE3-4530-B2D5-009F6BCD6A47}.Release|Any CPU.ActiveCfg = Release|Any CPU
		{104B4C73-8EE3-4530-B2D5-009F6BCD6A47}.Release|Any CPU.Build.0 = Release|Any CPU
		{104B4C73-8EE3-4530-B2D5-009F6BCD6A47}.Release|x64.ActiveCfg = Release|Any CPU
		{104B4C73-8EE3-4530-B2D5-009F6BCD6A47}.Release|x64.Build.0 = Release|Any CPU
		{104B4C73-8EE3-4530-B2D5-009F6BCD6A47}.Release|x86.ActiveCfg = Release|Any CPU
		{104B4C73-8EE3-4530-B2D5-009F6BCD6A47}.Release|x86.Build.0 = Release|Any CPU
		{719329E9-BE00-4658-8CE4-AA3E76C2019F}.Debug|Any CPU.ActiveCfg = Debug|Any CPU
		{719329E9-BE00-4658-8CE4-AA3E76C2019F}.Debug|Any CPU.Build.0 = Debug|Any CPU
		{719329E9-BE00-4658-8CE4-AA3E76C2019F}.Debug|x64.ActiveCfg = Debug|Any CPU
		{719329E9-BE00-4658-8CE4-AA3E76C2019F}.Debug|x64.Build.0 = Debug|Any CPU
		{719329E9-BE00-4658-8CE4-AA3E76C2019F}.Debug|x86.ActiveCfg = Debug|Any CPU
		{719329E9-BE00-4658-8CE4-AA3E76C2019F}.Debug|x86.Build.0 = Debug|Any CPU
		{719329E9-BE00-4658-8CE4-AA3E76C2019F}.Release|Any CPU.ActiveCfg = Release|Any CPU
		{719329E9-BE00-4658-8CE4-AA3E76C2019F}.Release|Any CPU.Build.0 = Release|Any CPU
		{719329E9-BE00-4658-8CE4-AA3E76C2019F}.Release|x64.ActiveCfg = Release|Any CPU
		{719329E9-BE00-4658-8CE4-AA3E76C2019F}.Release|x64.Build.0 = Release|Any CPU
		{719329E9-BE00-4658-8CE4-AA3E76C2019F}.Release|x86.ActiveCfg = Release|Any CPU
		{719329E9-BE00-4658-8CE4-AA3E76C2019F}.Release|x86.Build.0 = Release|Any CPU
		{AD852410-B10F-4370-9D11-30470BE202EB}.Debug|Any CPU.ActiveCfg = Debug|Any CPU
		{AD852410-B10F-4370-9D11-30470BE202EB}.Debug|Any CPU.Build.0 = Debug|Any CPU
		{AD852410-B10F-4370-9D11-30470BE202EB}.Debug|x64.ActiveCfg = Debug|x64
		{AD852410-B10F-4370-9D11-30470BE202EB}.Debug|x64.Build.0 = Debug|x64
		{AD852410-B10F-4370-9D11-30470BE202EB}.Debug|x86.ActiveCfg = Debug|x86
		{AD852410-B10F-4370-9D11-30470BE202EB}.Debug|x86.Build.0 = Debug|x86
		{AD852410-B10F-4370-9D11-30470BE202EB}.Release|Any CPU.ActiveCfg = Release|Any CPU
		{AD852410-B10F-4370-9D11-30470BE202EB}.Release|Any CPU.Build.0 = Release|Any CPU
		{AD852410-B10F-4370-9D11-30470BE202EB}.Release|x64.ActiveCfg = Release|x64
		{AD852410-B10F-4370-9D11-30470BE202EB}.Release|x64.Build.0 = Release|x64
		{AD852410-B10F-4370-9D11-30470BE202EB}.Release|x86.ActiveCfg = Release|x86
		{AD852410-B10F-4370-9D11-30470BE202EB}.Release|x86.Build.0 = Release|x86
		{DE6C73D2-06DA-43DB-8BA3-DB0EFCC67BA6}.Debug|Any CPU.ActiveCfg = Debug|Any CPU
		{DE6C73D2-06DA-43DB-8BA3-DB0EFCC67BA6}.Debug|Any CPU.Build.0 = Debug|Any CPU
		{DE6C73D2-06DA-43DB-8BA3-DB0EFCC67BA6}.Debug|x64.ActiveCfg = Debug|x64
		{DE6C73D2-06DA-43DB-8BA3-DB0EFCC67BA6}.Debug|x64.Build.0 = Debug|x64
		{DE6C73D2-06DA-43DB-8BA3-DB0EFCC67BA6}.Debug|x86.ActiveCfg = Debug|x86
		{DE6C73D2-06DA-43DB-8BA3-DB0EFCC67BA6}.Debug|x86.Build.0 = Debug|x86
		{DE6C73D2-06DA-43DB-8BA3-DB0EFCC67BA6}.Release|Any CPU.ActiveCfg = Release|Any CPU
		{DE6C73D2-06DA-43DB-8BA3-DB0EFCC67BA6}.Release|Any CPU.Build.0 = Release|Any CPU
		{DE6C73D2-06DA-43DB-8BA3-DB0EFCC67BA6}.Release|x64.ActiveCfg = Release|x64
		{DE6C73D2-06DA-43DB-8BA3-DB0EFCC67BA6}.Release|x64.Build.0 = Release|x64
		{DE6C73D2-06DA-43DB-8BA3-DB0EFCC67BA6}.Release|x86.ActiveCfg = Release|x86
		{DE6C73D2-06DA-43DB-8BA3-DB0EFCC67BA6}.Release|x86.Build.0 = Release|x86
	EndGlobalSection
	GlobalSection(SolutionProperties) = preSolution
		HideSolutionNode = FALSE
	EndGlobalSection
	GlobalSection(NestedProjects) = preSolution
		{104B4C73-8EE3-4530-B2D5-009F6BCD6A47} = {773BE5B3-E0F3-44FE-8359-288A4F59FA24}
		{719329E9-BE00-4658-8CE4-AA3E76C2019F} = {773BE5B3-E0F3-44FE-8359-288A4F59FA24}
		{AD852410-B10F-4370-9D11-30470BE202EB} = {773BE5B3-E0F3-44FE-8359-288A4F59FA24}
	EndGlobalSection
EndGlobal
